
Microsoft Visual Studio Solution File, Format Version 12.00
# Visual Studio Version 17
VisualStudioVersion = 17.1.32328.378
MinimumVisualStudioVersion = 10.0.40219.1
Project("{2150E333-8FDC-42A3-9474-1A3956D46DE8}") = "docs", "docs", "{3B1E808D-0170-433E-96A0-87F7182347B3}"
EndProject
Project("{FAE04EC0-301F-11D3-BF4B-00C04F79EFBC}") = "LiteDb.Studio.Avalonia", "LiteDb.Studio.Avalonia\LiteDb.Studio.Avalonia.csproj", "{697FF83F-5080-4D48-9B76-1B32F5EDED75}"
EndProject
Global
	GlobalSection(SolutionConfigurationPlatforms) = preSolution
		Debug|Any CPU = Debug|Any CPU
		Release|Any CPU = Release|Any CPU
	EndGlobalSection
	GlobalSection(ProjectConfigurationPlatforms) = postSolution
		{697FF83F-5080-4D48-9B76-1B32F5EDED75}.Debug|Any CPU.ActiveCfg = Debug|Any CPU
		{697FF83F-5080-4D48-9B76-1B32F5EDED75}.Debug|Any CPU.Build.0 = Debug|Any CPU
		{697FF83F-5080-4D48-9B76-1B32F5EDED75}.Release|Any CPU.ActiveCfg = Release|Any CPU
		{697FF83F-5080-4D48-9B76-1B32F5EDED75}.Release|Any CPU.Build.0 = Release|Any CPU
	EndGlobalSection
	GlobalSection(SolutionProperties) = preSolution
		HideSolutionNode = FALSE
	EndGlobalSection
	GlobalSection(ExtensibilityGlobals) = postSolution
		SolutionGuid = {B3EA7577-3327-44E1-BA2F-7C59A6FABC0E}
	EndGlobalSection
EndGlobal
